// !$*UTF8*$!
{
	archiveVersion = 1;
	classes = {
	};
	objectVersion = 56;
	objects = {

/* Begin PBXBuildFile section */
		59C9EBA02BA8C79300718D3E /* MusicByLocationApp.swift in Sources */ = {isa = PBXBuildFile; fileRef = 59C9EB9F2BA8C79300718D3E /* MusicByLocationApp.swift */; };
		59C9EBA22BA8C79300718D3E /* ContentView.swift in Sources */ = {isa = PBXBuildFile; fileRef = 59C9EBA12BA8C79300718D3E /* ContentView.swift */; };
		59C9EBA42BA8C79800718D3E /* Assets.xcassets in Resources */ = {isa = PBXBuildFile; fileRef = 59C9EBA32BA8C79800718D3E /* Assets.xcassets */; };
		59C9EBA72BA8C79800718D3E /* Preview Assets.xcassets in Resources */ = {isa = PBXBuildFile; fileRef = 59C9EBA62BA8C79800718D3E /* Preview Assets.xcassets */; };
		59C9EBB12BA8C79800718D3E /* MusicByLocationTests.swift in Sources */ = {isa = PBXBuildFile; fileRef = 59C9EBB02BA8C79800718D3E /* MusicByLocationTests.swift */; };
		59C9EBBB2BA8C79800718D3E /* MusicByLocationUITests.swift in Sources */ = {isa = PBXBuildFile; fileRef = 59C9EBBA2BA8C79800718D3E /* MusicByLocationUITests.swift */; };
		59C9EBBD2BA8C79800718D3E /* MusicByLocationUITestsLaunchTests.swift in Sources */ = {isa = PBXBuildFile; fileRef = 59C9EBBC2BA8C79800718D3E /* MusicByLocationUITestsLaunchTests.swift */; };
		59C9EBCA2BA8CBA900718D3E /* LocationHandler.swift in Sources */ = {isa = PBXBuildFile; fileRef = 59C9EBC92BA8CBA900718D3E /* LocationHandler.swift */; };
/* End PBXBuildFile section */

/* Begin PBXContainerItemProxy section */
		59C9EBAD2BA8C79800718D3E /* PBXContainerItemProxy */ = {
			isa = PBXContainerItemProxy;
			containerPortal = 59C9EB942BA8C79300718D3E /* Project object */;
			proxyType = 1;
			remoteGlobalIDString = 59C9EB9B2BA8C79300718D3E;
			remoteInfo = MusicByLocation;
		};
		59C9EBB72BA8C79800718D3E /* PBXContainerItemProxy */ = {
			isa = PBXContainerItemProxy;
			containerPortal = 59C9EB942BA8C79300718D3E /* Project object */;
			proxyType = 1;
			remoteGlobalIDString = 59C9EB9B2BA8C79300718D3E;
			remoteInfo = MusicByLocation;
		};
/* End PBXContainerItemProxy section */

/* Begin PBXFileReference section */
		59C9EB9C2BA8C79300718D3E /* MusicByLocation.app */ = {isa = PBXFileReference; explicitFileType = wrapper.application; includeInIndex = 0; path = MusicByLocation.app; sourceTree = BUILT_PRODUCTS_DIR; };
		59C9EB9F2BA8C79300718D3E /* MusicByLocationApp.swift */ = {isa = PBXFileReference; lastKnownFileType = sourcecode.swift; path = MusicByLocationApp.swift; sourceTree = "<group>"; };
		59C9EBA12BA8C79300718D3E /* ContentView.swift */ = {isa = PBXFileReference; lastKnownFileType = sourcecode.swift; path = ContentView.swift; sourceTree = "<group>"; };
		59C9EBA32BA8C79800718D3E /* Assets.xcassets */ = {isa = PBXFileReference; lastKnownFileType = folder.assetcatalog; path = Assets.xcassets; sourceTree = "<group>"; };
		59C9EBA62BA8C79800718D3E /* Preview Assets.xcassets */ = {isa = PBXFileReference; lastKnownFileType = folder.assetcatalog; path = "Preview Assets.xcassets"; sourceTree = "<group>"; };
		59C9EBAC2BA8C79800718D3E /* MusicByLocationTests.xctest */ = {isa = PBXFileReference; explicitFileType = wrapper.cfbundle; includeInIndex = 0; path = MusicByLocationTests.xctest; sourceTree = BUILT_PRODUCTS_DIR; };
		59C9EBB02BA8C79800718D3E /* MusicByLocationTests.swift */ = {isa = PBXFileReference; lastKnownFileType = sourcecode.swift; path = MusicByLocationTests.swift; sourceTree = "<group>"; };
		59C9EBB62BA8C79800718D3E /* MusicByLocationUITests.xctest */ = {isa = PBXFileReference; explicitFileType = wrapper.cfbundle; includeInIndex = 0; path = MusicByLocationUITests.xctest; sourceTree = BUILT_PRODUCTS_DIR; };
		59C9EBBA2BA8C79800718D3E /* MusicByLocationUITests.swift */ = {isa = PBXFileReference; lastKnownFileType = sourcecode.swift; path = MusicByLocationUITests.swift; sourceTree = "<group>"; };
		59C9EBBC2BA8C79800718D3E /* MusicByLocationUITestsLaunchTests.swift */ = {isa = PBXFileReference; lastKnownFileType = sourcecode.swift; path = MusicByLocationUITestsLaunchTests.swift; sourceTree = "<group>"; };
		59C9EBC92BA8CBA900718D3E /* LocationHandler.swift */ = {isa = PBXFileReference; lastKnownFileType = sourcecode.swift; path = LocationHandler.swift; sourceTree = "<group>"; };
/* End PBXFileReference section */

/* Begin PBXFrameworksBuildPhase section */
		59C9EB992BA8C79300718D3E /* Frameworks */ = {
			isa = PBXFrameworksBuildPhase;
			buildActionMask = 2147483647;
			files = (
			);
			runOnlyForDeploymentPostprocessing = 0;
		};
		59C9EBA92BA8C79800718D3E /* Frameworks */ = {
			isa = PBXFrameworksBuildPhase;
			buildActionMask = 2147483647;
			files = (
			);
			runOnlyForDeploymentPostprocessing = 0;
		};
		59C9EBB32BA8C79800718D3E /* Frameworks */ = {
			isa = PBXFrameworksBuildPhase;
			buildActionMask = 2147483647;
			files = (
			);
			runOnlyForDeploymentPostprocessing = 0;
		};
/* End PBXFrameworksBuildPhase section */

/* Begin PBXGroup section */
		59C9EB932BA8C79300718D3E = {
			isa = PBXGroup;
			children = (
				59C9EB9E2BA8C79300718D3E /* MusicByLocation */,
				59C9EBAF2BA8C79800718D3E /* MusicByLocationTests */,
				59C9EBB92BA8C79800718D3E /* MusicByLocationUITests */,
				59C9EB9D2BA8C79300718D3E /* Products */,
			);
			sourceTree = "<group>";
		};
		59C9EB9D2BA8C79300718D3E /* Products */ = {
			isa = PBXGroup;
			children = (
				59C9EB9C2BA8C79300718D3E /* MusicByLocation.app */,
				59C9EBAC2BA8C79800718D3E /* MusicByLocationTests.xctest */,
				59C9EBB62BA8C79800718D3E /* MusicByLocationUITests.xctest */,
			);
			name = Products;
			sourceTree = "<group>";
		};
		59C9EB9E2BA8C79300718D3E /* MusicByLocation */ = {
			isa = PBXGroup;
			children = (
				59C9EB9F2BA8C79300718D3E /* MusicByLocationApp.swift */,
				59C9EBA12BA8C79300718D3E /* ContentView.swift */,
				59C9EBC92BA8CBA900718D3E /* LocationHandler.swift */,
				59C9EBA32BA8C79800718D3E /* Assets.xcassets */,
				59C9EBA52BA8C79800718D3E /* Preview Content */,
			);
			path = MusicByLocation;
			sourceTree = "<group>";
		};
		59C9EBA52BA8C79800718D3E /* Preview Content */ = {
			isa = PBXGroup;
			children = (
				59C9EBA62BA8C79800718D3E /* Preview Assets.xcassets */,
			);
			path = "Preview Content";
			sourceTree = "<group>";
		};
		59C9EBAF2BA8C79800718D3E /* MusicByLocationTests */ = {
			isa = PBXGroup;
			children = (
				59C9EBB02BA8C79800718D3E /* MusicByLocationTests.swift */,
			);
			path = MusicByLocationTests;
			sourceTree = "<group>";
		};
		59C9EBB92BA8C79800718D3E /* MusicByLocationUITests */ = {
			isa = PBXGroup;
			children = (
				59C9EBBA2BA8C79800718D3E /* MusicByLocationUITests.swift */,
				59C9EBBC2BA8C79800718D3E /* MusicByLocationUITestsLaunchTests.swift */,
			);
			path = MusicByLocationUITests;
			sourceTree = "<group>";
		};
/* End PBXGroup section */

/* Begin PBXNativeTarget section */
		59C9EB9B2BA8C79300718D3E /* MusicByLocation */ = {
			isa = PBXNativeTarget;
			buildConfigurationList = 59C9EBC02BA8C79800718D3E /* Build configuration list for PBXNativeTarget "MusicByLocation" */;
			buildPhases = (
				59C9EB982BA8C79300718D3E /* Sources */,
				59C9EB992BA8C79300718D3E /* Frameworks */,
				59C9EB9A2BA8C79300718D3E /* Resources */,
			);
			buildRules = (
			);
			dependencies = (
			);
			name = MusicByLocation;
			productName = MusicByLocation;
			productReference = 59C9EB9C2BA8C79300718D3E /* MusicByLocation.app */;
			productType = "com.apple.product-type.application";
		};
		59C9EBAB2BA8C79800718D3E /* MusicByLocationTests */ = {
			isa = PBXNativeTarget;
			buildConfigurationList = 59C9EBC32BA8C79800718D3E /* Build configuration list for PBXNativeTarget "MusicByLocationTests" */;
			buildPhases = (
				59C9EBA82BA8C79800718D3E /* Sources */,
				59C9EBA92BA8C79800718D3E /* Frameworks */,
				59C9EBAA2BA8C79800718D3E /* Resources */,
			);
			buildRules = (
			);
			dependencies = (
				59C9EBAE2BA8C79800718D3E /* PBXTargetDependency */,
			);
			name = MusicByLocationTests;
			productName = MusicByLocationTests;
			productReference = 59C9EBAC2BA8C79800718D3E /* MusicByLocationTests.xctest */;
			productType = "com.apple.product-type.bundle.unit-test";
		};
		59C9EBB52BA8C79800718D3E /* MusicByLocationUITests */ = {
			isa = PBXNativeTarget;
			buildConfigurationList = 59C9EBC62BA8C79800718D3E /* Build configuration list for PBXNativeTarget "MusicByLocationUITests" */;
			buildPhases = (
				59C9EBB22BA8C79800718D3E /* Sources */,
				59C9EBB32BA8C79800718D3E /* Frameworks */,
				59C9EBB42BA8C79800718D3E /* Resources */,
			);
			buildRules = (
			);
			dependencies = (
				59C9EBB82BA8C79800718D3E /* PBXTargetDependency */,
			);
			name = MusicByLocationUITests;
			productName = MusicByLocationUITests;
			productReference = 59C9EBB62BA8C79800718D3E /* MusicByLocationUITests.xctest */;
			productType = "com.apple.product-type.bundle.ui-testing";
		};
/* End PBXNativeTarget section */

/* Begin PBXProject section */
		59C9EB942BA8C79300718D3E /* Project object */ = {
			isa = PBXProject;
			attributes = {
				BuildIndependentTargetsInParallel = 1;
				LastSwiftUpdateCheck = 1520;
				LastUpgradeCheck = 1520;
				TargetAttributes = {
					59C9EB9B2BA8C79300718D3E = {
						CreatedOnToolsVersion = 15.2;
					};
					59C9EBAB2BA8C79800718D3E = {
						CreatedOnToolsVersion = 15.2;
						TestTargetID = 59C9EB9B2BA8C79300718D3E;
					};
					59C9EBB52BA8C79800718D3E = {
						CreatedOnToolsVersion = 15.2;
						TestTargetID = 59C9EB9B2BA8C79300718D3E;
					};
				};
			};
			buildConfigurationList = 59C9EB972BA8C79300718D3E /* Build configuration list for PBXProject "MusicByLocation" */;
			compatibilityVersion = "Xcode 14.0";
			developmentRegion = en;
			hasScannedForEncodings = 0;
			knownRegions = (
				en,
				Base,
			);
			mainGroup = 59C9EB932BA8C79300718D3E;
			productRefGroup = 59C9EB9D2BA8C79300718D3E /* Products */;
			projectDirPath = "";
			projectRoot = "";
			targets = (
				59C9EB9B2BA8C79300718D3E /* MusicByLocation */,
				59C9EBAB2BA8C79800718D3E /* MusicByLocationTests */,
				59C9EBB52BA8C79800718D3E /* MusicByLocationUITests */,
			);
		};
/* End PBXProject section */

/* Begin PBXResourcesBuildPhase section */
		59C9EB9A2BA8C79300718D3E /* Resources */ = {
			isa = PBXResourcesBuildPhase;
			buildActionMask = 2147483647;
			files = (
				59C9EBA72BA8C79800718D3E /* Preview Assets.xcassets in Resources */,
				59C9EBA42BA8C79800718D3E /* Assets.xcassets in Resources */,
			);
			runOnlyForDeploymentPostprocessing = 0;
		};
		59C9EBAA2BA8C79800718D3E /* Resources */ = {
			isa = PBXResourcesBuildPhase;
			buildActionMask = 2147483647;
			files = (
			);
			runOnlyForDeploymentPostprocessing = 0;
		};
		59C9EBB42BA8C79800718D3E /* Resources */ = {
			isa = PBXResourcesBuildPhase;
			buildActionMask = 2147483647;
			files = (
			);
			runOnlyForDeploymentPostprocessing = 0;
		};
/* End PBXResourcesBuildPhase section */

/* Begin PBXSourcesBuildPhase section */
		59C9EB982BA8C79300718D3E /* Sources */ = {
			isa = PBXSourcesBuildPhase;
			buildActionMask = 2147483647;
			files = (
				59C9EBCA2BA8CBA900718D3E /* LocationHandler.swift in Sources */,
				59C9EBA22BA8C79300718D3E /* ContentView.swift in Sources */,
				59C9EBA02BA8C79300718D3E /* MusicByLocationApp.swift in Sources */,
			);
			runOnlyForDeploymentPostprocessing = 0;
		};
		59C9EBA82BA8C79800718D3E /* Sources */ = {
			isa = PBXSourcesBuildPhase;
			buildActionMask = 2147483647;
			files = (
				59C9EBB12BA8C79800718D3E /* MusicByLocationTests.swift in Sources */,
			);
			runOnlyForDeploymentPostprocessing = 0;
		};
		59C9EBB22BA8C79800718D3E /* Sources */ = {
			isa = PBXSourcesBuildPhase;
			buildActionMask = 2147483647;
			files = (
				59C9EBBD2BA8C79800718D3E /* MusicByLocationUITestsLaunchTests.swift in Sources */,
				59C9EBBB2BA8C79800718D3E /* MusicByLocationUITests.swift in Sources */,
			);
			runOnlyForDeploymentPostprocessing = 0;
		};
/* End PBXSourcesBuildPhase section */

/* Begin PBXTargetDependency section */
		59C9EBAE2BA8C79800718D3E /* PBXTargetDependency */ = {
			isa = PBXTargetDependency;
			target = 59C9EB9B2BA8C79300718D3E /* MusicByLocation */;
			targetProxy = 59C9EBAD2BA8C79800718D3E /* PBXContainerItemProxy */;
		};
		59C9EBB82BA8C79800718D3E /* PBXTargetDependency */ = {
			isa = PBXTargetDependency;
			target = 59C9EB9B2BA8C79300718D3E /* MusicByLocation */;
			targetProxy = 59C9EBB72BA8C79800718D3E /* PBXContainerItemProxy */;
		};
/* End PBXTargetDependency section */

/* Begin XCBuildConfiguration section */
		59C9EBBE2BA8C79800718D3E /* Debug */ = {
			isa = XCBuildConfiguration;
			buildSettings = {
				ALWAYS_SEARCH_USER_PATHS = NO;
				ASSETCATALOG_COMPILER_GENERATE_SWIFT_ASSET_SYMBOL_EXTENSIONS = YES;
				CLANG_ANALYZER_NONNULL = YES;
				CLANG_ANALYZER_NUMBER_OBJECT_CONVERSION = YES_AGGRESSIVE;
				CLANG_CXX_LANGUAGE_STANDARD = "gnu++20";
				CLANG_ENABLE_MODULES = YES;
				CLANG_ENABLE_OBJC_ARC = YES;
				CLANG_ENABLE_OBJC_WEAK = YES;
				CLANG_WARN_BLOCK_CAPTURE_AUTORELEASING = YES;
				CLANG_WARN_BOOL_CONVERSION = YES;
				CLANG_WARN_COMMA = YES;
				CLANG_WARN_CONSTANT_CONVERSION = YES;
				CLANG_WARN_DEPRECATED_OBJC_IMPLEMENTATIONS = YES;
				CLANG_WARN_DIRECT_OBJC_ISA_USAGE = YES_ERROR;
				CLANG_WARN_DOCUMENTATION_COMMENTS = YES;
				CLANG_WARN_EMPTY_BODY = YES;
				CLANG_WARN_ENUM_CONVERSION = YES;
				CLANG_WARN_INFINITE_RECURSION = YES;
				CLANG_WARN_INT_CONVERSION = YES;
				CLANG_WARN_NON_LITERAL_NULL_CONVERSION = YES;
				CLANG_WARN_OBJC_IMPLICIT_RETAIN_SELF = YES;
				CLANG_WARN_OBJC_LITERAL_CONVERSION = YES;
				CLANG_WARN_OBJC_ROOT_CLASS = YES_ERROR;
				CLANG_WARN_QUOTED_INCLUDE_IN_FRAMEWORK_HEADER = YES;
				CLANG_WARN_RANGE_LOOP_ANALYSIS = YES;
				CLANG_WARN_STRICT_PROTOTYPES = YES;
				CLANG_WARN_SUSPICIOUS_MOVE = YES;
				CLANG_WARN_UNGUARDED_AVAILABILITY = YES_AGGRESSIVE;
				CLANG_WARN_UNREACHABLE_CODE = YES;
				CLANG_WARN__DUPLICATE_METHOD_MATCH = YES;
				COPY_PHASE_STRIP = NO;
				DEBUG_INFORMATION_FORMAT = dwarf;
				ENABLE_STRICT_OBJC_MSGSEND = YES;
				ENABLE_TESTABILITY = YES;
				ENABLE_USER_SCRIPT_SANDBOXING = YES;
				GCC_C_LANGUAGE_STANDARD = gnu17;
				GCC_DYNAMIC_NO_PIC = NO;
				GCC_NO_COMMON_BLOCKS = YES;
				GCC_OPTIMIZATION_LEVEL = 0;
				GCC_PREPROCESSOR_DEFINITIONS = (
					"DEBUG=1",
					"$(inherited)",
				);
				GCC_WARN_64_TO_32_BIT_CONVERSION = YES;
				GCC_WARN_ABOUT_RETURN_TYPE = YES_ERROR;
				GCC_WARN_UNDECLARED_SELECTOR = YES;
				GCC_WARN_UNINITIALIZED_AUTOS = YES_AGGRESSIVE;
				GCC_WARN_UNUSED_FUNCTION = YES;
				GCC_WARN_UNUSED_VARIABLE = YES;
				IPHONEOS_DEPLOYMENT_TARGET = 17.2;
				LOCALIZATION_PREFERS_STRING_CATALOGS = YES;
				MTL_ENABLE_DEBUG_INFO = INCLUDE_SOURCE;
				MTL_FAST_MATH = YES;
				ONLY_ACTIVE_ARCH = YES;
				SDKROOT = iphoneos;
				SWIFT_ACTIVE_COMPILATION_CONDITIONS = "DEBUG $(inherited)";
				SWIFT_OPTIMIZATION_LEVEL = "-Onone";
			};
			name = Debug;
		};
		59C9EBBF2BA8C79800718D3E /* Release */ = {
			isa = XCBuildConfiguration;
			buildSettings = {
				ALWAYS_SEARCH_USER_PATHS = NO;
				ASSETCATALOG_COMPILER_GENERATE_SWIFT_ASSET_SYMBOL_EXTENSIONS = YES;
				CLANG_ANALYZER_NONNULL = YES;
				CLANG_ANALYZER_NUMBER_OBJECT_CONVERSION = YES_AGGRESSIVE;
				CLANG_CXX_LANGUAGE_STANDARD = "gnu++20";
				CLANG_ENABLE_MODULES = YES;
				CLANG_ENABLE_OBJC_ARC = YES;
				CLANG_ENABLE_OBJC_WEAK = YES;
				CLANG_WARN_BLOCK_CAPTURE_AUTORELEASING = YES;
				CLANG_WARN_BOOL_CONVERSION = YES;
				CLANG_WARN_COMMA = YES;
				CLANG_WARN_CONSTANT_CONVERSION = YES;
				CLANG_WARN_DEPRECATED_OBJC_IMPLEMENTATIONS = YES;
				CLANG_WARN_DIRECT_OBJC_ISA_USAGE = YES_ERROR;
				CLANG_WARN_DOCUMENTATION_COMMENTS = YES;
				CLANG_WARN_EMPTY_BODY = YES;
				CLANG_WARN_ENUM_CONVERSION = YES;
				CLANG_WARN_INFINITE_RECURSION = YES;
				CLANG_WARN_INT_CONVERSION = YES;
				CLANG_WARN_NON_LITERAL_NULL_CONVERSION = YES;
				CLANG_WARN_OBJC_IMPLICIT_RETAIN_SELF = YES;
				CLANG_WARN_OBJC_LITERAL_CONVERSION = YES;
				CLANG_WARN_OBJC_ROOT_CLASS = YES_ERROR;
				CLANG_WARN_QUOTED_INCLUDE_IN_FRAMEWORK_HEADER = YES;
				CLANG_WARN_RANGE_LOOP_ANALYSIS = YES;
				CLANG_WARN_STRICT_PROTOTYPES = YES;
				CLANG_WARN_SUSPICIOUS_MOVE = YES;
				CLANG_WARN_UNGUARDED_AVAILABILITY = YES_AGGRESSIVE;
				CLANG_WARN_UNREACHABLE_CODE = YES;
				CLANG_WARN__DUPLICATE_METHOD_MATCH = YES;
				COPY_PHASE_STRIP = NO;
				DEBUG_INFORMATION_FORMAT = "dwarf-with-dsym";
				ENABLE_NS_ASSERTIONS = NO;
				ENABLE_STRICT_OBJC_MSGSEND = YES;
				ENABLE_USER_SCRIPT_SANDBOXING = YES;
				GCC_C_LANGUAGE_STANDARD = gnu17;
				GCC_NO_COMMON_BLOCKS = YES;
				GCC_WARN_64_TO_32_BIT_CONVERSION = YES;
				GCC_WARN_ABOUT_RETURN_TYPE = YES_ERROR;
				GCC_WARN_UNDECLARED_SELECTOR = YES;
				GCC_WARN_UNINITIALIZED_AUTOS = YES_AGGRESSIVE;
				GCC_WARN_UNUSED_FUNCTION = YES;
				GCC_WARN_UNUSED_VARIABLE = YES;
				IPHONEOS_DEPLOYMENT_TARGET = 17.2;
				LOCALIZATION_PREFERS_STRING_CATALOGS = YES;
				MTL_ENABLE_DEBUG_INFO = NO;
				MTL_FAST_MATH = YES;
				SDKROOT = iphoneos;
				SWIFT_COMPILATION_MODE = wholemodule;
				VALIDATE_PRODUCT = YES;
			};
			name = Release;
		};
		59C9EBC12BA8C79800718D3E /* Debug */ = {
			isa = XCBuildConfiguration;
			buildSettings = {
				ASSETCATALOG_COMPILER_APPICON_NAME = AppIcon;
				ASSETCATALOG_COMPILER_GLOBAL_ACCENT_COLOR_NAME = AccentColor;
				CODE_SIGN_STYLE = Automatic;
				CURRENT_PROJECT_VERSION = 1;
				DEVELOPMENT_ASSET_PATHS = "\"MusicByLocation/Preview Content\"";
				ENABLE_PREVIEWS = YES;
				GENERATE_INFOPLIST_FILE = YES;
				INFOPLIST_KEY_CFBundleDisplayName = MusicByLocation;
				INFOPLIST_KEY_NSLocationWhenInUseUsageDescription = "This app needs your location to find your favourite tunes.";
				INFOPLIST_KEY_UIApplicationSceneManifest_Generation = YES;
				INFOPLIST_KEY_UIApplicationSupportsIndirectInputEvents = YES;
				INFOPLIST_KEY_UILaunchScreen_Generation = YES;
				INFOPLIST_KEY_UISupportedInterfaceOrientations_iPad = "UIInterfaceOrientationPortrait UIInterfaceOrientationPortraitUpsideDown UIInterfaceOrientationLandscapeLeft UIInterfaceOrientationLandscapeRight";
				INFOPLIST_KEY_UISupportedInterfaceOrientations_iPhone = "UIInterfaceOrientationPortrait UIInterfaceOrientationLandscapeLeft UIInterfaceOrientationLandscapeRight";
				LD_RUNPATH_SEARCH_PATHS = (
					"$(inherited)",
					"@executable_path/Frameworks",
				);
				MARKETING_VERSION = 1.0;
				PRODUCT_BUNDLE_IDENTIFIER = com.etoncollege.MusicByLocation;
				PRODUCT_NAME = "$(TARGET_NAME)";
				SWIFT_EMIT_LOC_STRINGS = YES;
				SWIFT_VERSION = 5.0;
				TARGETED_DEVICE_FAMILY = "1,2";
			};
			name = Debug;
		};
		59C9EBC22BA8C79800718D3E /* Release */ = {
			isa = XCBuildConfiguration;
			buildSettings = {
				ASSETCATALOG_COMPILER_APPICON_NAME = AppIcon;
				ASSETCATALOG_COMPILER_GLOBAL_ACCENT_COLOR_NAME = AccentColor;
				CODE_SIGN_STYLE = Automatic;
				CURRENT_PROJECT_VERSION = 1;
				DEVELOPMENT_ASSET_PATHS = "\"MusicByLocation/Preview Content\"";
				ENABLE_PREVIEWS = YES;
				GENERATE_INFOPLIST_FILE = YES;
				INFOPLIST_KEY_CFBundleDisplayName = MusicByLocation;
				INFOPLIST_KEY_NSLocationWhenInUseUsageDescription = "This app needs your location to find your favourite tunes.";
				INFOPLIST_KEY_UIApplicationSceneManifest_Generation = YES;
				INFOPLIST_KEY_UIApplicationSupportsIndirectInputEvents = YES;
				INFOPLIST_KEY_UILaunchScreen_Generation = YES;
				INFOPLIST_KEY_UISupportedInterfaceOrientations_iPad = "UIInterfaceOrientationPortrait UIInterfaceOrientationPortraitUpsideDown UIInterfaceOrientationLandscapeLeft UIInterfaceOrientationLandscapeRight";
				INFOPLIST_KEY_UISupportedInterfaceOrientations_iPhone = "UIInterfaceOrientationPortrait UIInterfaceOrientationLandscapeLeft UIInterfaceOrientationLandscapeRight";
				LD_RUNPATH_SEARCH_PATHS = (
					"$(inherited)",
					"@executable_path/Frameworks",
				);
				MARKETING_VERSION = 1.0;
				PRODUCT_BUNDLE_IDENTIFIER = com.etoncollege.MusicByLocation;
				PRODUCT_NAME = "$(TARGET_NAME)";
				SWIFT_EMIT_LOC_STRINGS = YES;
				SWIFT_VERSION = 5.0;
				TARGETED_DEVICE_FAMILY = "1,2";
			};
			name = Release;
		};
		59C9EBC42BA8C79800718D3E /* Debug */ = {
			isa = XCBuildConfiguration;
			buildSettings = {
				ALWAYS_EMBED_SWIFT_STANDARD_LIBRARIES = YES;
				BUNDLE_LOADER = "$(TEST_HOST)";
				CODE_SIGN_STYLE = Automatic;
				CURRENT_PROJECT_VERSION = 1;
				GENERATE_INFOPLIST_FILE = YES;
				IPHONEOS_DEPLOYMENT_TARGET = 17.2;
				MARKETING_VERSION = 1.0;
				PRODUCT_BUNDLE_IDENTIFIER = com.etoncollege.MusicByLocationTests;
				PRODUCT_NAME = "$(TARGET_NAME)";
				SWIFT_EMIT_LOC_STRINGS = NO;
				SWIFT_VERSION = 5.0;
				TARGETED_DEVICE_FAMILY = "1,2";
				TEST_HOST = "$(BUILT_PRODUCTS_DIR)/MusicByLocation.app/$(BUNDLE_EXECUTABLE_FOLDER_PATH)/MusicByLocation";
			};
			name = Debug;
		};
		59C9EBC52BA8C79800718D3E /* Release */ = {
			isa = XCBuildConfiguration;
			buildSettings = {
				ALWAYS_EMBED_SWIFT_STANDARD_LIBRARIES = YES;
				BUNDLE_LOADER = "$(TEST_HOST)";
				CODE_SIGN_STYLE = Automatic;
				CURRENT_PROJECT_VERSION = 1;
				GENERATE_INFOPLIST_FILE = YES;
				IPHONEOS_DEPLOYMENT_TARGET = 17.2;
				MARKETING_VERSION = 1.0;
				PRODUCT_BUNDLE_IDENTIFIER = com.etoncollege.MusicByLocationTests;
				PRODUCT_NAME = "$(TARGET_NAME)";
				SWIFT_EMIT_LOC_STRINGS = NO;
				SWIFT_VERSION = 5.0;
				TARGETED_DEVICE_FAMILY = "1,2";
				TEST_HOST = "$(BUILT_PRODUCTS_DIR)/MusicByLocation.app/$(BUNDLE_EXECUTABLE_FOLDER_PATH)/MusicByLocation";
			};
			name = Release;
		};
		59C9EBC72BA8C79800718D3E /* Debug */ = {
			isa = XCBuildConfiguration;
			buildSettings = {
				ALWAYS_EMBED_SWIFT_STANDARD_LIBRARIES = YES;
				CODE_SIGN_STYLE = Automatic;
				CURRENT_PROJECT_VERSION = 1;
				GENERATE_INFOPLIST_FILE = YES;
				MARKETING_VERSION = 1.0;
				PRODUCT_BUNDLE_IDENTIFIER = com.etoncollege.MusicByLocationUITests;
				PRODUCT_NAME = "$(TARGET_NAME)";
				SWIFT_EMIT_LOC_STRINGS = NO;
				SWIFT_VERSION = 5.0;
				TARGETED_DEVICE_FAMILY = "1,2";
				TEST_TARGET_NAME = MusicByLocation;
			};
			name = Debug;
		};
		59C9EBC82BA8C79800718D3E /* Release */ = {
			isa = XCBuildConfiguration;
			buildSettings = {
				ALWAYS_EMBED_SWIFT_STANDARD_LIBRARIES = YES;
				CODE_SIGN_STYLE = Automatic;
				CURRENT_PROJECT_VERSION = 1;
				GENERATE_INFOPLIST_FILE = YES;
				MARKETING_VERSION = 1.0;
				PRODUCT_BUNDLE_IDENTIFIER = com.etoncollege.MusicByLocationUITests;
				PRODUCT_NAME = "$(TARGET_NAME)";
				SWIFT_EMIT_LOC_STRINGS = NO;
				SWIFT_VERSION = 5.0;
				TARGETED_DEVICE_FAMILY = "1,2";
				TEST_TARGET_NAME = MusicByLocation;
			};
			name = Release;
		};
/* End XCBuildConfiguration section */

/* Begin XCConfigurationList section */
		59C9EB972BA8C79300718D3E /* Build configuration list for PBXProject "MusicByLocation" */ = {
			isa = XCConfigurationList;
			buildConfigurations = (
				59C9EBBE2BA8C79800718D3E /* Debug */,
				59C9EBBF2BA8C79800718D3E /* Release */,
			);
			defaultConfigurationIsVisible = 0;
			defaultConfigurationName = Release;
		};
		59C9EBC02BA8C79800718D3E /* Build configuration list for PBXNativeTarget "MusicByLocation" */ = {
			isa = XCConfigurationList;
			buildConfigurations = (
				59C9EBC12BA8C79800718D3E /* Debug */,
				59C9EBC22BA8C79800718D3E /* Release */,
			);
			defaultConfigurationIsVisible = 0;
			defaultConfigurationName = Release;
		};
		59C9EBC32BA8C79800718D3E /* Build configuration list for PBXNativeTarget "MusicByLocationTests" */ = {
			isa = XCConfigurationList;
			buildConfigurations = (
				59C9EBC42BA8C79800718D3E /* Debug */,
				59C9EBC52BA8C79800718D3E /* Release */,
			);
			defaultConfigurationIsVisible = 0;
			defaultConfigurationName = Release;
		};
		59C9EBC62BA8C79800718D3E /* Build configuration list for PBXNativeTarget "MusicByLocationUITests" */ = {
			isa = XCConfigurationList;
			buildConfigurations = (
				59C9EBC72BA8C79800718D3E /* Debug */,
				59C9EBC82BA8C79800718D3E /* Release */,
			);
			defaultConfigurationIsVisible = 0;
			defaultConfigurationName = Release;
		};
/* End XCConfigurationList section */
	};
	rootObject = 59C9EB942BA8C79300718D3E /* Project object */;
}
